// !$*UTF8*$!
{
	archiveVersion = 1;
	classes = {
	};
	objectVersion = 77;
	objects = {

/* Begin PBXBuildFile section */
		0AD12B6CBB301CB2D63C2196 /* DeviceActivityMonitorExtension.swift in Sources */ = {isa = PBXBuildFile; fileRef = FCE5B1972704D3335DBFF6B3 /* DeviceActivityMonitorExtension.swift */; };
		713AF44EC71C867D5C9A459A /* DeviceActivityMonitorExt.appex in Embed App Extensions */ = {isa = PBXBuildFile; fileRef = 03195E464CE1DCA50D39531A /* DeviceActivityMonitorExt.appex */; settings = {ATTRIBUTES = (RemoveHeadersOnCopy, ); }; };
		A9B6D6EA231E9A0445A876B5 /* Foundation.framework in Frameworks */ = {isa = PBXBuildFile; fileRef = CBA173C4588B868B8087E73A /* Foundation.framework */; };
		AA0000000000000000001001 /* FirebaseAuth in Frameworks */ = {isa = PBXBuildFile; productRef = AA0000000000000000002001 /* FirebaseAuth */; };
		AA0000000000000000001002 /* FirebaseFirestore in Frameworks */ = {isa = PBXBuildFile; productRef = AA0000000000000000002002 /* FirebaseFirestore */; };
		AA0000000000000000001003 /* FirebaseCore in Frameworks */ = {isa = PBXBuildFile; productRef = AA0000000000000000002003 /* FirebaseCore */; };
		AA0000000000000000001004 /* GoogleSignIn in Frameworks */ = {isa = PBXBuildFile; productRef = AA0000000000000000002004 /* GoogleSignIn */; };
		AA0000000000000000001005 /* GoogleSignInSwift in Frameworks */ = {isa = PBXBuildFile; productRef = AA0000000000000000002005 /* GoogleSignInSwift */; };
		AA00000000000000000010F1 /* FirebaseMessaging in Frameworks */ = {isa = PBXBuildFile; productRef = AA00000000000000000020F1 /* FirebaseMessaging */; };
		AA00000000000000000010F2 /* FirebaseAnalyticsWithoutAdIdSupport in Frameworks */ = {isa = PBXBuildFile; productRef = AA00000000000000000020F2 /* FirebaseAnalyticsWithoutAdIdSupport */; };
/* End PBXBuildFile section */

/* Begin PBXContainerItemProxy section */
		4FD27B942FC70B4700909B38 /* PBXContainerItemProxy */ = {
			isa = PBXContainerItemProxy;
			containerPortal = 4FD27B792FC70B4400909B38 /* Project object */;
			proxyType = 1;
			remoteGlobalIDString = 4FD27B802FC70B4400909B38;
			remoteInfo = ChildTime;
		};
		4FD27B9E2FC70B4700909B38 /* PBXContainerItemProxy */ = {
			isa = PBXContainerItemProxy;
			containerPortal = 4FD27B792FC70B4400909B38 /* Project object */;
			proxyType = 1;
			remoteGlobalIDString = 4FD27B802FC70B4400909B38;
			remoteInfo = ChildTime;
		};
		F123DBFFD0C6FBB4AB93F3E5 /* PBXContainerItemProxy */ = {
			isa = PBXContainerItemProxy;
			containerPortal = 4FD27B792FC70B4400909B38 /* Project object */;
			proxyType = 1;
			remoteGlobalIDString = 87147760746831E82EA8F2CA;
			remoteInfo = DeviceActivityMonitorExt;
		};
/* End PBXContainerItemProxy section */

/* Begin PBXCopyFilesBuildPhase section */
		6BC7B6E455B921B5C2E71170 /* Embed App Extensions */ = {
			isa = PBXCopyFilesBuildPhase;
			buildActionMask = 2147483647;
			dstPath = "";
			dstSubfolderSpec = 13;
			files = (
				713AF44EC71C867D5C9A459A /* DeviceActivityMonitorExt.appex in Embed App Extensions */,
			);
			name = "Embed App Extensions";
			runOnlyForDeploymentPostprocessing = 0;
		};
/* End PBXCopyFilesBuildPhase section */

/* Begin PBXFileReference section */
		03195E464CE1DCA50D39531A /* DeviceActivityMonitorExt.appex */ = {isa = PBXFileReference; explicitFileType = "wrapper.app-extension"; includeInIndex = 0; path = DeviceActivityMonitorExt.appex; sourceTree = BUILT_PRODUCTS_DIR; };
		21FA339BEBF141B64D9C4169 /* DeviceActivityMonitorExt.entitlements */ = {isa = PBXFileReference; includeInIndex = 1; lastKnownFileType = text.plist.entitlements; path = DeviceActivityMonitorExt.entitlements; sourceTree = "<group>"; };
		4FD27B812FC70B4400909B38 /* ChildTime.app */ = {isa = PBXFileReference; explicitFileType = wrapper.application; includeInIndex = 0; path = ChildTime.app; sourceTree = BUILT_PRODUCTS_DIR; };
		4FD27B932FC70B4700909B38 /* ChildTimeTests.xctest */ = {isa = PBXFileReference; explicitFileType = wrapper.cfbundle; includeInIndex = 0; path = ChildTimeTests.xctest; sourceTree = BUILT_PRODUCTS_DIR; };
		4FD27B9D2FC70B4700909B38 /* ChildTimeUITests.xctest */ = {isa = PBXFileReference; explicitFileType = wrapper.cfbundle; includeInIndex = 0; path = ChildTimeUITests.xctest; sourceTree = BUILT_PRODUCTS_DIR; };
		AF85E1C4DBB972D75EDDF8BB /* Info.plist */ = {isa = PBXFileReference; includeInIndex = 1; lastKnownFileType = text.plist.xml; path = Info.plist; sourceTree = "<group>"; };
		CBA173C4588B868B8087E73A /* Foundation.framework */ = {isa = PBXFileReference; lastKnownFileType = wrapper.framework; name = Foundation.framework; path = Platforms/iPhoneOS.platform/Developer/SDKs/iPhoneOS18.0.sdk/System/Library/Frameworks/Foundation.framework; sourceTree = DEVELOPER_DIR; };
		FCE5B1972704D3335DBFF6B3 /* DeviceActivityMonitorExtension.swift */ = {isa = PBXFileReference; includeInIndex = 1; lastKnownFileType = sourcecode.swift; path = DeviceActivityMonitorExtension.swift; sourceTree = "<group>"; };
/* End PBXFileReference section */

/* Begin PBXFileSystemSynchronizedBuildFileExceptionSet section */
		AA0000000000000000004001 /* Exceptions for "ChildTime" folder in "ChildTime" target */ = {
			isa = PBXFileSystemSynchronizedBuildFileExceptionSet;
			membershipExceptions = (
				Info.plist,
			);
			target = 4FD27B802FC70B4400909B38 /* ChildTime */;
		};
/* End PBXFileSystemSynchronizedBuildFileExceptionSet section */

/* Begin PBXFileSystemSynchronizedRootGroup section */
		4FD27B832FC70B4400909B38 /* ChildTime */ = {
			isa = PBXFileSystemSynchronizedRootGroup;
			exceptions = (
				AA0000000000000000004001 /* Exceptions for "ChildTime" folder in "ChildTime" target */,
			);
			path = ChildTime;
			sourceTree = "<group>";
		};
		4FD27B962FC70B4700909B38 /* ChildTimeTests */ = {
			isa = PBXFileSystemSynchronizedRootGroup;
			exceptions = (
			);
			path = ChildTimeTests;
			sourceTree = "<group>";
		};
		4FD27BA02FC70B4700909B38 /* ChildTimeUITests */ = {
			isa = PBXFileSystemSynchronizedRootGroup;
			exceptions = (
			);
			path = ChildTimeUITests;
			sourceTree = "<group>";
		};
/* End PBXFileSystemSynchronizedRootGroup section */

/* Begin PBXFrameworksBuildPhase section */
		4FD27B7E2FC70B4400909B38 /* Frameworks */ = {
			isa = PBXFrameworksBuildPhase;
			buildActionMask = 2147483647;
			files = (
				AA0000000000000000001003 /* FirebaseCore in Frameworks */,
				AA0000000000000000001001 /* FirebaseAuth in Frameworks */,
				AA0000000000000000001002 /* FirebaseFirestore in Frameworks */,
				AA00000000000000000010F1 /* FirebaseMessaging in Frameworks */,
				AA00000000000000000010F2 /* FirebaseAnalyticsWithoutAdIdSupport in Frameworks */,
				AA0000000000000000001004 /* GoogleSignIn in Frameworks */,
				AA0000000000000000001005 /* GoogleSignInSwift in Frameworks */,
			);
			runOnlyForDeploymentPostprocessing = 0;
		};
		4FD27B902FC70B4700909B38 /* Frameworks */ = {
			isa = PBXFrameworksBuildPhase;
			buildActionMask = 2147483647;
			files = (
			);
			runOnlyForDeploymentPostprocessing = 0;
		};
		4FD27B9A2FC70B4700909B38 /* Frameworks */ = {
			isa = PBXFrameworksBuildPhase;
			buildActionMask = 2147483647;
			files = (
			);
			runOnlyForDeploymentPostprocessing = 0;
		};
		75DC3BB5F9704A3B1EC4FDB7 /* Frameworks */ = {
			isa = PBXFrameworksBuildPhase;
			buildActionMask = 2147483647;
			files = (
				A9B6D6EA231E9A0445A876B5 /* Foundation.framework in Frameworks */,
			);
			runOnlyForDeploymentPostprocessing = 0;
		};
/* End PBXFrameworksBuildPhase section */

/* Begin PBXGroup section */
		3AE5479DF6FCC1ACB0E2F2D2 /* DeviceActivityMonitorExt */ = {
			isa = PBXGroup;
			children = (
				FCE5B1972704D3335DBFF6B3 /* DeviceActivityMonitorExtension.swift */,
				AF85E1C4DBB972D75EDDF8BB /* Info.plist */,
				21FA339BEBF141B64D9C4169 /* DeviceActivityMonitorExt.entitlements */,
			);
			name = DeviceActivityMonitorExt;
			path = DeviceActivityMonitorExt;
			sourceTree = "<group>";
		};
		4FD27B782FC70B4400909B38 = {
			isa = PBXGroup;
			children = (
				4FD27B832FC70B4400909B38 /* ChildTime */,
				4FD27B962FC70B4700909B38 /* ChildTimeTests */,
				4FD27BA02FC70B4700909B38 /* ChildTimeUITests */,
				4FD27B822FC70B4400909B38 /* Products */,
				64430A789AE674FF9A3F857D /* Frameworks */,
				3AE5479DF6FCC1ACB0E2F2D2 /* DeviceActivityMonitorExt */,
			);
			sourceTree = "<group>";
		};
		4FD27B822FC70B4400909B38 /* Products */ = {
			isa = PBXGroup;
			children = (
				4FD27B812FC70B4400909B38 /* ChildTime.app */,
				4FD27B932FC70B4700909B38 /* ChildTimeTests.xctest */,
				4FD27B9D2FC70B4700909B38 /* ChildTimeUITests.xctest */,
				03195E464CE1DCA50D39531A /* DeviceActivityMonitorExt.appex */,
			);
			name = Products;
			sourceTree = "<group>";
		};
		64430A789AE674FF9A3F857D /* Frameworks */ = {
			isa = PBXGroup;
			children = (
				9C1D45809DEAA021F5622287 /* iOS */,
			);
			name = Frameworks;
			sourceTree = "<group>";
		};
		9C1D45809DEAA021F5622287 /* iOS */ = {
			isa = PBXGroup;
			children = (
				CBA173C4588B868B8087E73A /* Foundation.framework */,
			);
			name = iOS;
			sourceTree = "<group>";
		};
/* End PBXGroup section */

/* Begin PBXNativeTarget section */
		4FD27B802FC70B4400909B38 /* ChildTime */ = {
			isa = PBXNativeTarget;
			buildConfigurationList = 4FD27BA72FC70B4700909B38 /* Build configuration list for PBXNativeTarget "ChildTime" */;
			buildPhases = (
				4FD27B7D2FC70B4400909B38 /* Sources */,
				4FD27B7E2FC70B4400909B38 /* Frameworks */,
				4FD27B7F2FC70B4400909B38 /* Resources */,
				6BC7B6E455B921B5C2E71170 /* Embed App Extensions */,
			);
			buildRules = (
			);
			dependencies = (
				8C285B3D1D2ADE421407E9B6 /* PBXTargetDependency */,
			);
			fileSystemSynchronizedGroups = (
				4FD27B832FC70B4400909B38 /* ChildTime */,
			);
			name = ChildTime;
			packageProductDependencies = (
				AA0000000000000000002003 /* FirebaseCore */,
				AA0000000000000000002001 /* FirebaseAuth */,
				AA0000000000000000002002 /* FirebaseFirestore */,
				AA00000000000000000020F1 /* FirebaseMessaging */,
				AA00000000000000000020F2 /* FirebaseAnalyticsWithoutAdIdSupport */,
				AA0000000000000000002004 /* GoogleSignIn */,
				AA0000000000000000002005 /* GoogleSignInSwift */,
			);
			productName = ChildTime;
			productReference = 4FD27B812FC70B4400909B38 /* ChildTime.app */;
			productType = "com.apple.product-type.application";
		};
		4FD27B922FC70B4700909B38 /* ChildTimeTests */ = {
			isa = PBXNativeTarget;
			buildConfigurationList = 4FD27BAA2FC70B4700909B38 /* Build configuration list for PBXNativeTarget "ChildTimeTests" */;
			buildPhases = (
				4FD27B8F2FC70B4700909B38 /* Sources */,
				4FD27B902FC70B4700909B38 /* Frameworks */,
				4FD27B912FC70B4700909B38 /* Resources */,
			);
			buildRules = (
			);
			dependencies = (
				4FD27B952FC70B4700909B38 /* PBXTargetDependency */,
			);
			fileSystemSynchronizedGroups = (
				4FD27B962FC70B4700909B38 /* ChildTimeTests */,
			);
			name = ChildTimeTests;
			productName = ChildTimeTests;
			productReference = 4FD27B932FC70B4700909B38 /* ChildTimeTests.xctest */;
			productType = "com.apple.product-type.bundle.unit-test";
		};
		4FD27B9C2FC70B4700909B38 /* ChildTimeUITests */ = {
			isa = PBXNativeTarget;
			buildConfigurationList = 4FD27BAD2FC70B4700909B38 /* Build configuration list for PBXNativeTarget "ChildTimeUITests" */;
			buildPhases = (
				4FD27B992FC70B4700909B38 /* Sources */,
				4FD27B9A2FC70B4700909B38 /* Frameworks */,
				4FD27B9B2FC70B4700909B38 /* Resources */,
			);
			buildRules = (
			);
			dependencies = (
				4FD27B9F2FC70B4700909B38 /* PBXTargetDependency */,
			);
			fileSystemSynchronizedGroups = (
				4FD27BA02FC70B4700909B38 /* ChildTimeUITests */,
			);
			name = ChildTimeUITests;
			productName = ChildTimeUITests;
			productReference = 4FD27B9D2FC70B4700909B38 /* ChildTimeUITests.xctest */;
			productType = "com.apple.product-type.bundle.ui-testing";
		};
		87147760746831E82EA8F2CA /* DeviceActivityMonitorExt */ = {
			isa = PBXNativeTarget;
			buildConfigurationList = 8D692E8AD35845A2B657C793 /* Build configuration list for PBXNativeTarget "DeviceActivityMonitorExt" */;
			buildPhases = (
				4658446FEE9D453D335E786E /* Sources */,
				75DC3BB5F9704A3B1EC4FDB7 /* Frameworks */,
				8637527CDFC09BDB29B2487E /* Resources */,
			);
			buildRules = (
			);
			dependencies = (
			);
			name = DeviceActivityMonitorExt;
			productName = DeviceActivityMonitorExt;
			productReference = 03195E464CE1DCA50D39531A /* DeviceActivityMonitorExt.appex */;
			productType = "com.apple.product-type.app-extension";
		};
/* End PBXNativeTarget section */

/* Begin PBXProject section */
		4FD27B792FC70B4400909B38 /* Project object */ = {
			isa = PBXProject;
			attributes = {
				BuildIndependentTargetsInParallel = 1;
				LastSwiftUpdateCheck = 2650;
				LastUpgradeCheck = 2650;
				TargetAttributes = {
					4FD27B802FC70B4400909B38 = {
						CreatedOnToolsVersion = 26.5;
					};
					4FD27B922FC70B4700909B38 = {
						CreatedOnToolsVersion = 26.5;
						TestTargetID = 4FD27B802FC70B4400909B38;
					};
					4FD27B9C2FC70B4700909B38 = {
						CreatedOnToolsVersion = 26.5;
						TestTargetID = 4FD27B802FC70B4400909B38;
					};
				};
			};
			buildConfigurationList = 4FD27B7C2FC70B4400909B38 /* Build configuration list for PBXProject "ChildTime" */;
			developmentRegion = en;
			hasScannedForEncodings = 0;
			knownRegions = (
				en,
				Base,
			);
			mainGroup = 4FD27B782FC70B4400909B38;
			minimizedProjectReferenceProxies = 1;
			packageReferences = (
				AA0000000000000000003001 /* XCRemoteSwiftPackageReference "firebase-ios-sdk" */,
				AA0000000000000000003002 /* XCRemoteSwiftPackageReference "GoogleSignIn-iOS" */,
			);
			preferredProjectObjectVersion = 77;
			productRefGroup = 4FD27B822FC70B4400909B38 /* Products */;
			projectDirPath = "";
			projectRoot = "";
			targets = (
				4FD27B802FC70B4400909B38 /* ChildTime */,
				4FD27B922FC70B4700909B38 /* ChildTimeTests */,
				4FD27B9C2FC70B4700909B38 /* ChildTimeUITests */,
				87147760746831E82EA8F2CA /* DeviceActivityMonitorExt */,
			);
		};
/* End PBXProject section */

/* Begin PBXResourcesBuildPhase section */
		4FD27B7F2FC70B4400909B38 /* Resources */ = {
			isa = PBXResourcesBuildPhase;
			buildActionMask = 2147483647;
			files = (
			);
			runOnlyForDeploymentPostprocessing = 0;
		};
		4FD27B912FC70B4700909B38 /* Resources */ = {
			isa = PBXResourcesBuildPhase;
			buildActionMask = 2147483647;
			files = (
			);
			runOnlyForDeploymentPostprocessing = 0;
		};
		4FD27B9B2FC70B4700909B38 /* Resources */ = {
			isa = PBXResourcesBuildPhase;
			buildActionMask = 2147483647;
			files = (
			);
			runOnlyForDeploymentPostprocessing = 0;
		};
		8637527CDFC09BDB29B2487E /* Resources */ = {
			isa = PBXResourcesBuildPhase;
			buildActionMask = 2147483647;
			files = (
			);
			runOnlyForDeploymentPostprocessing = 0;
		};
/* End PBXResourcesBuildPhase section */

/* Begin PBXSourcesBuildPhase section */
		4658446FEE9D453D335E786E /* Sources */ = {
			isa = PBXSourcesBuildPhase;
			buildActionMask = 2147483647;
			files = (
				0AD12B6CBB301CB2D63C2196 /* DeviceActivityMonitorExtension.swift in Sources */,
			);
			runOnlyForDeploymentPostprocessing = 0;
		};
		4FD27B7D2FC70B4400909B38 /* Sources */ = {
			isa = PBXSourcesBuildPhase;
			buildActionMask = 2147483647;
			files = (
			);
			runOnlyForDeploymentPostprocessing = 0;
		};
		4FD27B8F2FC70B4700909B38 /* Sources */ = {
			isa = PBXSourcesBuildPhase;
			buildActionMask = 2147483647;
			files = (
			);
			runOnlyForDeploymentPostprocessing = 0;
		};
		4FD27B992FC70B4700909B38 /* Sources */ = {
			isa = PBXSourcesBuildPhase;
			buildActionMask = 2147483647;
			files = (
			);
			runOnlyForDeploymentPostprocessing = 0;
		};
/* End PBXSourcesBuildPhase section */

/* Begin PBXTargetDependency section */
		4FD27B952FC70B4700909B38 /* PBXTargetDependency */ = {
			isa = PBXTargetDependency;
			target = 4FD27B802FC70B4400909B38 /* ChildTime */;
			targetProxy = 4FD27B942FC70B4700909B38 /* PBXContainerItemProxy */;
		};
		4FD27B9F2FC70B4700909B38 /* PBXTargetDependency */ = {
			isa = PBXTargetDependency;
			target = 4FD27B802FC70B4400909B38 /* ChildTime */;
			targetProxy = 4FD27B9E2FC70B4700909B38 /* PBXContainerItemProxy */;
		};
		8C285B3D1D2ADE421407E9B6 /* PBXTargetDependency */ = {
			isa = PBXTargetDependency;
			name = DeviceActivityMonitorExt;
			target = 87147760746831E82EA8F2CA /* DeviceActivityMonitorExt */;
			targetProxy = F123DBFFD0C6FBB4AB93F3E5 /* PBXContainerItemProxy */;
		};
/* End PBXTargetDependency section */

/* Begin XCBuildConfiguration section */
		4FD27BA52FC70B4700909B38 /* Debug */ = {
			isa = XCBuildConfiguration;
			buildSettings = {
				ALWAYS_SEARCH_USER_PATHS = NO;
				ASSETCATALOG_COMPILER_GENERATE_SWIFT_ASSET_SYMBOL_EXTENSIONS = YES;
				CLANG_ANALYZER_NONNULL = YES;
				CLANG_ANALYZER_NUMBER_OBJECT_CONVERSION = YES_AGGRESSIVE;
				CLANG_CXX_LANGUAGE_STANDARD = "gnu++20";
				CLANG_ENABLE_MODULES = YES;
				CLANG_ENABLE_OBJC_ARC = YES;
				CLANG_ENABLE_OBJC_WEAK = YES;
				CLANG_WARN_BLOCK_CAPTURE_AUTORELEASING = YES;
				CLANG_WARN_BOOL_CONVERSION = YES;
				CLANG_WARN_COMMA = YES;
				CLANG_WARN_CONSTANT_CONVERSION = YES;
				CLANG_WARN_DEPRECATED_OBJC_IMPLEMENTATIONS = YES;
				CLANG_WARN_DIRECT_OBJC_ISA_USAGE = YES_ERROR;
				CLANG_WARN_DOCUMENTATION_COMMENTS = YES;
				CLANG_WARN_EMPTY_BODY = YES;
				CLANG_WARN_ENUM_CONVERSION = YES;
				CLANG_WARN_INFINITE_RECURSION = YES;
				CLANG_WARN_INT_CONVERSION = YES;
				CLANG_WARN_NON_LITERAL_NULL_CONVERSION = YES;
				CLANG_WARN_OBJC_IMPLICIT_RETAIN_SELF = YES;
				CLANG_WARN_OBJC_LITERAL_CONVERSION = YES;
				CLANG_WARN_OBJC_ROOT_CLASS = YES_ERROR;
				CLANG_WARN_QUOTED_INCLUDE_IN_FRAMEWORK_HEADER = YES;
				CLANG_WARN_RANGE_LOOP_ANALYSIS = YES;
				CLANG_WARN_STRICT_PROTOTYPES = YES;
				CLANG_WARN_SUSPICIOUS_MOVE = YES;
				CLANG_WARN_UNGUARDED_AVAILABILITY = YES_AGGRESSIVE;
				CLANG_WARN_UNREACHABLE_CODE = YES;
				CLANG_WARN__DUPLICATE_METHOD_MATCH = YES;
				COPY_PHASE_STRIP = NO;
				DEBUG_INFORMATION_FORMAT = dwarf;
				DEVELOPMENT_TEAM = TFG2H9C76N;
				ENABLE_STRICT_OBJC_MSGSEND = YES;
				ENABLE_TESTABILITY = YES;
				ENABLE_USER_SCRIPT_SANDBOXING = YES;
				GCC_C_LANGUAGE_STANDARD = gnu17;
				GCC_DYNAMIC_NO_PIC = NO;
				GCC_NO_COMMON_BLOCKS = YES;
				GCC_OPTIMIZATION_LEVEL = 0;
				GCC_PREPROCESSOR_DEFINITIONS = (
					"DEBUG=1",
					"$(inherited)",
				);
				GCC_WARN_64_TO_32_BIT_CONVERSION = YES;
				GCC_WARN_ABOUT_RETURN_TYPE = YES_ERROR;
				GCC_WARN_UNDECLARED_SELECTOR = YES;
				GCC_WARN_UNINITIALIZED_AUTOS = YES_AGGRESSIVE;
				GCC_WARN_UNUSED_FUNCTION = YES;
				GCC_WARN_UNUSED_VARIABLE = YES;
				IPHONEOS_DEPLOYMENT_TARGET = 26.5;
				LOCALIZATION_PREFERS_STRING_CATALOGS = YES;
				MTL_ENABLE_DEBUG_INFO = INCLUDE_SOURCE;
				MTL_FAST_MATH = YES;
				ONLY_ACTIVE_ARCH = YES;
				SDKROOT = iphoneos;
				SWIFT_ACTIVE_COMPILATION_CONDITIONS = "DEBUG $(inherited)";
				SWIFT_OPTIMIZATION_LEVEL = "-Onone";
			};
			name = Debug;
		};
		4FD27BA62FC70B4700909B38 /* Release */ = {
			isa = XCBuildConfiguration;
			buildSettings = {
				ALWAYS_SEARCH_USER_PATHS = NO;
				ASSETCATALOG_COMPILER_GENERATE_SWIFT_ASSET_SYMBOL_EXTENSIONS = YES;
				CLANG_ANALYZER_NONNULL = YES;
				CLANG_ANALYZER_NUMBER_OBJECT_CONVERSION = YES_AGGRESSIVE;
				CLANG_CXX_LANGUAGE_STANDARD = "gnu++20";
				CLANG_ENABLE_MODULES = YES;
				CLANG_ENABLE_OBJC_ARC = YES;
				CLANG_ENABLE_OBJC_WEAK = YES;
				CLANG_WARN_BLOCK_CAPTURE_AUTORELEASING = YES;
				CLANG_WARN_BOOL_CONVERSION = YES;
				CLANG_WARN_COMMA = YES;
				CLANG_WARN_CONSTANT_CONVERSION = YES;
				CLANG_WARN_DEPRECATED_OBJC_IMPLEMENTATIONS = YES;
				CLANG_WARN_DIRECT_OBJC_ISA_USAGE = YES_ERROR;
				CLANG_WARN_DOCUMENTATION_COMMENTS = YES;
				CLANG_WARN_EMPTY_BODY = YES;
				CLANG_WARN_ENUM_CONVERSION = YES;
				CLANG_WARN_INFINITE_RECURSION = YES;
				CLANG_WARN_INT_CONVERSION = YES;
				CLANG_WARN_NON_LITERAL_NULL_CONVERSION = YES;
				CLANG_WARN_OBJC_IMPLICIT_RETAIN_SELF = YES;
				CLANG_WARN_OBJC_LITERAL_CONVERSION = YES;
				CLANG_WARN_OBJC_ROOT_CLASS = YES_ERROR;
				CLANG_WARN_QUOTED_INCLUDE_IN_FRAMEWORK_HEADER = YES;
				CLANG_WARN_RANGE_LOOP_ANALYSIS = YES;
				CLANG_WARN_STRICT_PROTOTYPES = YES;
				CLANG_WARN_SUSPICIOUS_MOVE = YES;
				CLANG_WARN_UNGUARDED_AVAILABILITY = YES_AGGRESSIVE;
				CLANG_WARN_UNREACHABLE_CODE = YES;
				CLANG_WARN__DUPLICATE_METHOD_MATCH = YES;
				COPY_PHASE_STRIP = NO;
				DEBUG_INFORMATION_FORMAT = "dwarf-with-dsym";
				DEVELOPMENT_TEAM = TFG2H9C76N;
				ENABLE_NS_ASSERTIONS = NO;
				ENABLE_STRICT_OBJC_MSGSEND = YES;
				ENABLE_USER_SCRIPT_SANDBOXING = YES;
				GCC_C_LANGUAGE_STANDARD = gnu17;
				GCC_NO_COMMON_BLOCKS = YES;
				GCC_WARN_64_TO_32_BIT_CONVERSION = YES;
				GCC_WARN_ABOUT_RETURN_TYPE = YES_ERROR;
				GCC_WARN_UNDECLARED_SELECTOR = YES;
				GCC_WARN_UNINITIALIZED_AUTOS = YES_AGGRESSIVE;
				GCC_WARN_UNUSED_FUNCTION = YES;
				GCC_WARN_UNUSED_VARIABLE = YES;
				IPHONEOS_DEPLOYMENT_TARGET = 26.5;
				LOCALIZATION_PREFERS_STRING_CATALOGS = YES;
				MTL_ENABLE_DEBUG_INFO = NO;
				MTL_FAST_MATH = YES;
				SDKROOT = iphoneos;
				SWIFT_COMPILATION_MODE = wholemodule;
				VALIDATE_PRODUCT = YES;
			};
			name = Release;
		};
		4FD27BA82FC70B4700909B38 /* Debug */ = {
			isa = XCBuildConfiguration;
			buildSettings = {
				ASSETCATALOG_COMPILER_APPICON_NAME = AppIcon;
				ASSETCATALOG_COMPILER_GLOBAL_ACCENT_COLOR_NAME = AccentColor;
				CODE_SIGN_ENTITLEMENTS = ChildTime/ChildTime.entitlements;
				CODE_SIGN_STYLE = Automatic;
				CURRENT_PROJECT_VERSION = 33;
				DEVELOPMENT_TEAM = TFG2H9C76N;
				ENABLE_PREVIEWS = YES;
				GENERATE_INFOPLIST_FILE = NO;
				INFOPLIST_FILE = ChildTime/Info.plist;
				IPHONEOS_DEPLOYMENT_TARGET = 18.0;
				LD_RUNPATH_SEARCH_PATHS = (
					"$(inherited)",
					"@executable_path/Frameworks",
				);
				MARKETING_VERSION = 1.0;
				PRODUCT_BUNDLE_IDENTIFIER = com.rani.ChildTime;
				PRODUCT_NAME = "$(TARGET_NAME)";
				STRING_CATALOG_GENERATE_SYMBOLS = YES;
				SWIFT_APPROACHABLE_CONCURRENCY = YES;
				SWIFT_DEFAULT_ACTOR_ISOLATION = MainActor;
				SWIFT_EMIT_LOC_STRINGS = YES;
				SWIFT_UPCOMING_FEATURE_MEMBER_IMPORT_VISIBILITY = YES;
				SWIFT_VERSION = 5.0;
				TARGETED_DEVICE_FAMILY = "1,2";
			};
			name = Debug;
		};
		4FD27BA92FC70B4700909B38 /* Release */ = {
			isa = XCBuildConfiguration;
			buildSettings = {
				ASSETCATALOG_COMPILER_APPICON_NAME = AppIcon;
				ASSETCATALOG_COMPILER_GLOBAL_ACCENT_COLOR_NAME = AccentColor;
				CODE_SIGN_ENTITLEMENTS = ChildTime/ChildTime.entitlements;
				CODE_SIGN_STYLE = Automatic;
				CURRENT_PROJECT_VERSION = 33;
				DEVELOPMENT_TEAM = TFG2H9C76N;
				ENABLE_PREVIEWS = YES;
				GENERATE_INFOPLIST_FILE = NO;
				INFOPLIST_FILE = ChildTime/Info.plist;
				IPHONEOS_DEPLOYMENT_TARGET = 18.0;
				LD_RUNPATH_SEARCH_PATHS = (
					"$(inherited)",
					"@executable_path/Frameworks",
				);
				MARKETING_VERSION = 1.0;
				PRODUCT_BUNDLE_IDENTIFIER = com.rani.ChildTime;
				PRODUCT_NAME = "$(TARGET_NAME)";
				STRING_CATALOG_GENERATE_SYMBOLS = YES;
				SWIFT_APPROACHABLE_CONCURRENCY = YES;
				SWIFT_DEFAULT_ACTOR_ISOLATION = MainActor;
				SWIFT_EMIT_LOC_STRINGS = YES;
				SWIFT_UPCOMING_FEATURE_MEMBER_IMPORT_VISIBILITY = YES;
				SWIFT_VERSION = 5.0;
				TARGETED_DEVICE_FAMILY = "1,2";
			};
			name = Release;
		};
		4FD27BAB2FC70B4700909B38 /* Debug */ = {
			isa = XCBuildConfiguration;
			buildSettings = {
				BUNDLE_LOADER = "$(TEST_HOST)";
				CODE_SIGN_STYLE = Automatic;
				CURRENT_PROJECT_VERSION = 33;
				DEVELOPMENT_TEAM = TFG2H9C76N;
				GENERATE_INFOPLIST_FILE = YES;
				IPHONEOS_DEPLOYMENT_TARGET = 26.5;
				MARKETING_VERSION = 1.0;
				PRODUCT_BUNDLE_IDENTIFIER = com.rani.ChildTimeTests;
				PRODUCT_NAME = "$(TARGET_NAME)";
				STRING_CATALOG_GENERATE_SYMBOLS = NO;
				SWIFT_APPROACHABLE_CONCURRENCY = YES;
				SWIFT_EMIT_LOC_STRINGS = NO;
				SWIFT_UPCOMING_FEATURE_MEMBER_IMPORT_VISIBILITY = YES;
				SWIFT_VERSION = 5.0;
				TARGETED_DEVICE_FAMILY = "1,2";
				TEST_HOST = "$(BUILT_PRODUCTS_DIR)/ChildTime.app/$(BUNDLE_EXECUTABLE_FOLDER_PATH)/ChildTime";
			};
			name = Debug;
		};
		4FD27BAC2FC70B4700909B38 /* Release */ = {
			isa = XCBuildConfiguration;
			buildSettings = {
				BUNDLE_LOADER = "$(TEST_HOST)";
				CODE_SIGN_STYLE = Automatic;
				CURRENT_PROJECT_VERSION = 33;
				DEVELOPMENT_TEAM = TFG2H9C76N;
				GENERATE_INFOPLIST_FILE = YES;
				IPHONEOS_DEPLOYMENT_TARGET = 26.5;
				MARKETING_VERSION = 1.0;
				PRODUCT_BUNDLE_IDENTIFIER = com.rani.ChildTimeTests;
				PRODUCT_NAME = "$(TARGET_NAME)";
				STRING_CATALOG_GENERATE_SYMBOLS = NO;
				SWIFT_APPROACHABLE_CONCURRENCY = YES;
				SWIFT_EMIT_LOC_STRINGS = NO;
				SWIFT_UPCOMING_FEATURE_MEMBER_IMPORT_VISIBILITY = YES;
				SWIFT_VERSION = 5.0;
				TARGETED_DEVICE_FAMILY = "1,2";
				TEST_HOST = "$(BUILT_PRODUCTS_DIR)/ChildTime.app/$(BUNDLE_EXECUTABLE_FOLDER_PATH)/ChildTime";
			};
			name = Release;
		};
		4FD27BAE2FC70B4700909B38 /* Debug */ = {
			isa = XCBuildConfiguration;
			buildSettings = {
				CODE_SIGN_STYLE = Automatic;
				CURRENT_PROJECT_VERSION = 33;
				DEVELOPMENT_TEAM = TFG2H9C76N;
				GENERATE_INFOPLIST_FILE = YES;
				MARKETING_VERSION = 1.0;
				PRODUCT_BUNDLE_IDENTIFIER = com.rani.ChildTimeUITests;
				PRODUCT_NAME = "$(TARGET_NAME)";
				STRING_CATALOG_GENERATE_SYMBOLS = NO;
				SWIFT_APPROACHABLE_CONCURRENCY = YES;
				SWIFT_EMIT_LOC_STRINGS = NO;
				SWIFT_UPCOMING_FEATURE_MEMBER_IMPORT_VISIBILITY = YES;
				SWIFT_VERSION = 5.0;
				TARGETED_DEVICE_FAMILY = "1,2";
				TEST_TARGET_NAME = ChildTime;
			};
			name = Debug;
		};
		4FD27BAF2FC70B4700909B38 /* Release */ = {
			isa = XCBuildConfiguration;
			buildSettings = {
				CODE_SIGN_STYLE = Automatic;
				CURRENT_PROJECT_VERSION = 33;
				DEVELOPMENT_TEAM = TFG2H9C76N;
				GENERATE_INFOPLIST_FILE = YES;
				MARKETING_VERSION = 1.0;
				PRODUCT_BUNDLE_IDENTIFIER = com.rani.ChildTimeUITests;
				PRODUCT_NAME = "$(TARGET_NAME)";
				STRING_CATALOG_GENERATE_SYMBOLS = NO;
				SWIFT_APPROACHABLE_CONCURRENCY = YES;
				SWIFT_EMIT_LOC_STRINGS = NO;
				SWIFT_UPCOMING_FEATURE_MEMBER_IMPORT_VISIBILITY = YES;
				SWIFT_VERSION = 5.0;
				TARGETED_DEVICE_FAMILY = "1,2";
				TEST_TARGET_NAME = ChildTime;
			};
			name = Release;
		};
		5CB493F2A30796F67FD4E75F /* Debug */ = {
			isa = XCBuildConfiguration;
			buildSettings = {
				CLANG_ENABLE_OBJC_WEAK = NO;
				CODE_SIGN_ENTITLEMENTS = DeviceActivityMonitorExt/DeviceActivityMonitorExt.entitlements;
				CODE_SIGN_STYLE = Automatic;
				CURRENT_PROJECT_VERSION = 33;
				DEVELOPMENT_TEAM = TFG2H9C76N;
				GENERATE_INFOPLIST_FILE = NO;
				INFOPLIST_FILE = DeviceActivityMonitorExt/Info.plist;
				IPHONEOS_DEPLOYMENT_TARGET = 18.0;
				LD_RUNPATH_SEARCH_PATHS = (
					"$(inherited)",
					"@executable_path/Frameworks",
					"@executable_path/../../Frameworks",
				);
				MARKETING_VERSION = 1.0;
				PRODUCT_BUNDLE_IDENTIFIER = com.rani.ChildTime.DeviceActivityMonitorExt;
				PRODUCT_NAME = "$(TARGET_NAME)";
				SDKROOT = iphoneos;
				SKIP_INSTALL = YES;
				SWIFT_VERSION = 5.0;
				TARGETED_DEVICE_FAMILY = "1,2";
			};
			name = Debug;
		};
		83698258C5A8D15070CFAD61 /* Release */ = {
			isa = XCBuildConfiguration;
			buildSettings = {
				CLANG_ENABLE_OBJC_WEAK = NO;
				CODE_SIGN_ENTITLEMENTS = DeviceActivityMonitorExt/DeviceActivityMonitorExt.entitlements;
				CODE_SIGN_STYLE = Automatic;
				CURRENT_PROJECT_VERSION = 33;
				DEVELOPMENT_TEAM = TFG2H9C76N;
				GENERATE_INFOPLIST_FILE = NO;
				INFOPLIST_FILE = DeviceActivityMonitorExt/Info.plist;
				IPHONEOS_DEPLOYMENT_TARGET = 18.0;
				LD_RUNPATH_SEARCH_PATHS = (
					"$(inherited)",
					"@executable_path/Frameworks",
					"@executable_path/../../Frameworks",
				);
				MARKETING_VERSION = 1.0;
				PRODUCT_BUNDLE_IDENTIFIER = com.rani.ChildTime.DeviceActivityMonitorExt;
				PRODUCT_NAME = "$(TARGET_NAME)";
				SDKROOT = iphoneos;
				SKIP_INSTALL = YES;
				SWIFT_VERSION = 5.0;
				TARGETED_DEVICE_FAMILY = "1,2";
				VALIDATE_PRODUCT = YES;
			};
			name = Release;
		};
/* End XCBuildConfiguration section */

/* Begin XCConfigurationList section */
		4FD27B7C2FC70B4400909B38 /* Build configuration list for PBXProject "ChildTime" */ = {
			isa = XCConfigurationList;
			buildConfigurations = (
				4FD27BA52FC70B4700909B38 /* Debug */,
				4FD27BA62FC70B4700909B38 /* Release */,
			);
			defaultConfigurationIsVisible = 0;
			defaultConfigurationName = Release;
		};
		4FD27BA72FC70B4700909B38 /* Build configuration list for PBXNativeTarget "ChildTime" */ = {
			isa = XCConfigurationList;
			buildConfigurations = (
				4FD27BA82FC70B4700909B38 /* Debug */,
				4FD27BA92FC70B4700909B38 /* Release */,
			);
			defaultConfigurationIsVisible = 0;
			defaultConfigurationName = Release;
		};
		4FD27BAA2FC70B4700909B38 /* Build configuration list for PBXNativeTarget "ChildTimeTests" */ = {
			isa = XCConfigurationList;
			buildConfigurations = (
				4FD27BAB2FC70B4700909B38 /* Debug */,
				4FD27BAC2FC70B4700909B38 /* Release */,
			);
			defaultConfigurationIsVisible = 0;
			defaultConfigurationName = Release;
		};
		4FD27BAD2FC70B4700909B38 /* Build configuration list for PBXNativeTarget "ChildTimeUITests" */ = {
			isa = XCConfigurationList;
			buildConfigurations = (
				4FD27BAE2FC70B4700909B38 /* Debug */,
				4FD27BAF2FC70B4700909B38 /* Release */,
			);
			defaultConfigurationIsVisible = 0;
			defaultConfigurationName = Release;
		};
		8D692E8AD35845A2B657C793 /* Build configuration list for PBXNativeTarget "DeviceActivityMonitorExt" */ = {
			isa = XCConfigurationList;
			buildConfigurations = (
				83698258C5A8D15070CFAD61 /* Release */,
				5CB493F2A30796F67FD4E75F /* Debug */,
			);
			defaultConfigurationIsVisible = 0;
			defaultConfigurationName = Release;
		};
/* End XCConfigurationList section */

/* Begin XCRemoteSwiftPackageReference section */
		AA0000000000000000003001 /* XCRemoteSwiftPackageReference "firebase-ios-sdk" */ = {
			isa = XCRemoteSwiftPackageReference;
			repositoryURL = "https://github.com/firebase/firebase-ios-sdk";
			requirement = {
				kind = upToNextMajorVersion;
				minimumVersion = 11.0.0;
			};
		};
		AA0000000000000000003002 /* XCRemoteSwiftPackageReference "GoogleSignIn-iOS" */ = {
			isa = XCRemoteSwiftPackageReference;
			repositoryURL = "https://github.com/google/GoogleSignIn-iOS";
			requirement = {
				kind = upToNextMajorVersion;
				minimumVersion = 7.0.0;
			};
		};
/* End XCRemoteSwiftPackageReference section */

/* Begin XCSwiftPackageProductDependency section */
		AA0000000000000000002001 /* FirebaseAuth */ = {
			isa = XCSwiftPackageProductDependency;
			package = AA0000000000000000003001 /* XCRemoteSwiftPackageReference "firebase-ios-sdk" */;
			productName = FirebaseAuth;
		};
		AA0000000000000000002002 /* FirebaseFirestore */ = {
			isa = XCSwiftPackageProductDependency;
			package = AA0000000000000000003001 /* XCRemoteSwiftPackageReference "firebase-ios-sdk" */;
			productName = FirebaseFirestore;
		};
		AA0000000000000000002003 /* FirebaseCore */ = {
			isa = XCSwiftPackageProductDependency;
			package = AA0000000000000000003001 /* XCRemoteSwiftPackageReference "firebase-ios-sdk" */;
			productName = FirebaseCore;
		};
		AA0000000000000000002004 /* GoogleSignIn */ = {
			isa = XCSwiftPackageProductDependency;
			package = AA0000000000000000003002 /* XCRemoteSwiftPackageReference "GoogleSignIn-iOS" */;
			productName = GoogleSignIn;
		};
		AA0000000000000000002005 /* GoogleSignInSwift */ = {
			isa = XCSwiftPackageProductDependency;
			package = AA0000000000000000003002 /* XCRemoteSwiftPackageReference "GoogleSignIn-iOS" */;
			productName = GoogleSignInSwift;
		};
		AA00000000000000000020F1 /* FirebaseMessaging */ = {
			isa = XCSwiftPackageProductDependency;
			package = AA0000000000000000003001 /* XCRemoteSwiftPackageReference "firebase-ios-sdk" */;
			productName = FirebaseMessaging;
		};
		AA00000000000000000020F2 /* FirebaseAnalyticsWithoutAdIdSupport */ = {
			isa = XCSwiftPackageProductDependency;
			package = AA0000000000000000003001 /* XCRemoteSwiftPackageReference "firebase-ios-sdk" */;
			productName = FirebaseAnalyticsWithoutAdIdSupport;
		};
/* End XCSwiftPackageProductDependency section */
	};
	rootObject = 4FD27B792FC70B4400909B38 /* Project object */;
}
